
Microsoft Visual Studio Solution File, Format Version 12.00
# Visual Studio 15
VisualStudioVersion = 15.0.28307.902
MinimumVisualStudioVersion = 10.0.40219.1
Project("{E24C65DC-7377-472B-9ABA-BC803B73C61A}") = "BaybarsSiteBlog", "BaybarsSiteBlog\", "{2BEB606F-EB90-4A9B-B73C-17D3E0C16209}"
	ProjectSection(WebsiteProperties) = preProject
		TargetFrameworkMoniker = ".NETFramework,Version%3Dv4.6.1"
		Debug.AspNetCompiler.VirtualPath = "/localhost_64348"
		Debug.AspNetCompiler.PhysicalPath = "BaybarsSiteBlog\"
		Debug.AspNetCompiler.TargetPath = "PrecompiledWeb\localhost_64348\"
		Debug.AspNetCompiler.Updateable = "true"
		Debug.AspNetCompiler.ForceOverwrite = "true"
		Debug.AspNetCompiler.FixedNames = "false"
		Debug.AspNetCompiler.Debug = "True"
		Release.AspNetCompiler.VirtualPath = "/localhost_64348"
		Release.AspNetCompiler.PhysicalPath = "BaybarsSiteBlog\"
		Release.AspNetCompiler.TargetPath = "PrecompiledWeb\localhost_64348\"
		Release.AspNetCompiler.Updateable = "true"
		Release.AspNetCompiler.ForceOverwrite = "true"
		Release.AspNetCompiler.FixedNames = "false"
		Release.AspNetCompiler.Debug = "False"
		VWDPort = "64348"
		SlnRelativePath = "BaybarsSiteBlog\"
		DefaultWebSiteLanguage = "Visual C#"
	EndProjectSection
EndProject
Global
	GlobalSection(SolutionConfigurationPlatforms) = preSolution
		Debug|Any CPU = Debug|Any CPU
	EndGlobalSection
	GlobalSection(ProjectConfigurationPlatforms) = postSolution
		{2BEB606F-EB90-4A9B-B73C-17D3E0C16209}.Debug|Any CPU.ActiveCfg = Debug|Any CPU
		{2BEB606F-EB90-4A9B-B73C-17D3E0C16209}.Debug|Any CPU.Build.0 = Debug|Any CPU
	EndGlobalSection
	GlobalSection(SolutionProperties) = preSolution
		HideSolutionNode = FALSE
	EndGlobalSection
	GlobalSection(ExtensibilityGlobals) = postSolution
		SolutionGuid = {130D4C15-08F2-4299-B708-87DDFC47D614}
	EndGlobalSection
EndGlobal
